// !$*UTF8*$!
{
	archiveVersion = 1;
	classes = {
	};
	objectVersion = 50;
	objects = {

/* Begin PBXBuildFile section */
		1D70B400650442E111140792 /* Pods_MVVMSampleTests.framework in Frameworks */ = {isa = PBXBuildFile; fileRef = C108504B36BB0E7C3AC7DC94 /* Pods_MVVMSampleTests.framework */; };
		2DEEB1AA0CCA0023F4069AAB /* Pods_MVVMSample.framework in Frameworks */ = {isa = PBXBuildFile; fileRef = 69562D5152B46B3A375DBDE2 /* Pods_MVVMSample.framework */; };
		E24DFADA21F80B3800583426 /* AppDelegate.swift in Sources */ = {isa = PBXBuildFile; fileRef = E24DFAD921F80B3800583426 /* AppDelegate.swift */; };
		E24DFADC21F80B3800583426 /* ViewController.swift in Sources */ = {isa = PBXBuildFile; fileRef = E24DFADB21F80B3800583426 /* ViewController.swift */; };
		E24DFADF21F80B3800583426 /* Main.storyboard in Resources */ = {isa = PBXBuildFile; fileRef = E24DFADD21F80B3800583426 /* Main.storyboard */; };
		E24DFAE121F80B3900583426 /* Assets.xcassets in Resources */ = {isa = PBXBuildFile; fileRef = E24DFAE021F80B3900583426 /* Assets.xcassets */; };
		E24DFAE421F80B3900583426 /* LaunchScreen.storyboard in Resources */ = {isa = PBXBuildFile; fileRef = E24DFAE221F80B3900583426 /* LaunchScreen.storyboard */; };
		E24DFAEF21F80B3900583426 /* MVVMSampleTests.swift in Sources */ = {isa = PBXBuildFile; fileRef = E24DFAEE21F80B3900583426 /* MVVMSampleTests.swift */; };
		E24DFAFE21F80D3B00583426 /* content.json in Resources */ = {isa = PBXBuildFile; fileRef = E24DFAFD21F80D3B00583426 /* content.json */; };
		E24DFB0021F80D4900583426 /* APIServices.swift in Sources */ = {isa = PBXBuildFile; fileRef = E24DFAFF21F80D4900583426 /* APIServices.swift */; };
		E24DFB0321F818AF00583426 /* Photo.swift in Sources */ = {isa = PBXBuildFile; fileRef = E24DFB0221F818AF00583426 /* Photo.swift */; };
		E24DFB0821F81AD100583426 /* PhotoDetailViewController.swift in Sources */ = {isa = PBXBuildFile; fileRef = E24DFB0721F81AD100583426 /* PhotoDetailViewController.swift */; };
		E24DFB0A21F81AE500583426 /* PhotoListViewController.swift in Sources */ = {isa = PBXBuildFile; fileRef = E24DFB0921F81AE500583426 /* PhotoListViewController.swift */; };
		E24DFB0C21F81B0100583426 /* PhotoListViewModel.swift in Sources */ = {isa = PBXBuildFile; fileRef = E24DFB0B21F81B0100583426 /* PhotoListViewModel.swift */; };
		E24DFB0E21F8257000583426 /* APIServiceTests.swift in Sources */ = {isa = PBXBuildFile; fileRef = E24DFB0D21F8257000583426 /* APIServiceTests.swift */; };
		E24DFB1021F8259100583426 /* PhotoListsVMTests.swift in Sources */ = {isa = PBXBuildFile; fileRef = E24DFB0F21F8259100583426 /* PhotoListsVMTests.swift */; };
/* End PBXBuildFile section */

/* Begin PBXContainerItemProxy section */
		E24DFAEB21F80B3900583426 /* PBXContainerItemProxy */ = {
			isa = PBXContainerItemProxy;
			containerPortal = E24DFACE21F80B3800583426 /* Project object */;
			proxyType = 1;
			remoteGlobalIDString = E24DFAD521F80B3800583426;
			remoteInfo = MVVMSample;
		};
/* End PBXContainerItemProxy section */

/* Begin PBXFileReference section */
		1E316DBC9B16D0DA2710DB95 /* Pods-MVVMSample.debug.xcconfig */ = {isa = PBXFileReference; includeInIndex = 1; lastKnownFileType = text.xcconfig; name = "Pods-MVVMSample.debug.xcconfig"; path = "Pods/Target Support Files/Pods-MVVMSample/Pods-MVVMSample.debug.xcconfig"; sourceTree = "<group>"; };
		2EE79A0BD1035C2DE87E58B7 /* Pods-MVVMSampleTests.release.xcconfig */ = {isa = PBXFileReference; includeInIndex = 1; lastKnownFileType = text.xcconfig; name = "Pods-MVVMSampleTests.release.xcconfig"; path = "Pods/Target Support Files/Pods-MVVMSampleTests/Pods-MVVMSampleTests.release.xcconfig"; sourceTree = "<group>"; };
		64E9AE04009848201A03A8AA /* Pods-MVVMSample.release.xcconfig */ = {isa = PBXFileReference; includeInIndex = 1; lastKnownFileType = text.xcconfig; name = "Pods-MVVMSample.release.xcconfig"; path = "Pods/Target Support Files/Pods-MVVMSample/Pods-MVVMSample.release.xcconfig"; sourceTree = "<group>"; };
		69562D5152B46B3A375DBDE2 /* Pods_MVVMSample.framework */ = {isa = PBXFileReference; explicitFileType = wrapper.framework; includeInIndex = 0; path = Pods_MVVMSample.framework; sourceTree = BUILT_PRODUCTS_DIR; };
		C108504B36BB0E7C3AC7DC94 /* Pods_MVVMSampleTests.framework */ = {isa = PBXFileReference; explicitFileType = wrapper.framework; includeInIndex = 0; path = Pods_MVVMSampleTests.framework; sourceTree = BUILT_PRODUCTS_DIR; };
		C485146BB9376C27CE7E4CD4 /* Pods-MVVMSampleTests.debug.xcconfig */ = {isa = PBXFileReference; includeInIndex = 1; lastKnownFileType = text.xcconfig; name = "Pods-MVVMSampleTests.debug.xcconfig"; path = "Pods/Target Support Files/Pods-MVVMSampleTests/Pods-MVVMSampleTests.debug.xcconfig"; sourceTree = "<group>"; };
		E24DFAD621F80B3800583426 /* MVVMSample.app */ = {isa = PBXFileReference; explicitFileType = wrapper.application; includeInIndex = 0; path = MVVMSample.app; sourceTree = BUILT_PRODUCTS_DIR; };
		E24DFAD921F80B3800583426 /* AppDelegate.swift */ = {isa = PBXFileReference; lastKnownFileType = sourcecode.swift; path = AppDelegate.swift; sourceTree = "<group>"; };
		E24DFADB21F80B3800583426 /* ViewController.swift */ = {isa = PBXFileReference; lastKnownFileType = sourcecode.swift; path = ViewController.swift; sourceTree = "<group>"; };
		E24DFADE21F80B3800583426 /* Base */ = {isa = PBXFileReference; lastKnownFileType = file.storyboard; name = Base; path = Base.lproj/Main.storyboard; sourceTree = "<group>"; };
		E24DFAE021F80B3900583426 /* Assets.xcassets */ = {isa = PBXFileReference; lastKnownFileType = folder.assetcatalog; path = Assets.xcassets; sourceTree = "<group>"; };
		E24DFAE321F80B3900583426 /* Base */ = {isa = PBXFileReference; lastKnownFileType = file.storyboard; name = Base; path = Base.lproj/LaunchScreen.storyboard; sourceTree = "<group>"; };
		E24DFAE521F80B3900583426 /* Info.plist */ = {isa = PBXFileReference; lastKnownFileType = text.plist.xml; path = Info.plist; sourceTree = "<group>"; };
		E24DFAEA21F80B3900583426 /* MVVMSampleTests.xctest */ = {isa = PBXFileReference; explicitFileType = wrapper.cfbundle; includeInIndex = 0; path = MVVMSampleTests.xctest; sourceTree = BUILT_PRODUCTS_DIR; };
		E24DFAEE21F80B3900583426 /* MVVMSampleTests.swift */ = {isa = PBXFileReference; lastKnownFileType = sourcecode.swift; path = MVVMSampleTests.swift; sourceTree = "<group>"; };
		E24DFAF021F80B3900583426 /* Info.plist */ = {isa = PBXFileReference; lastKnownFileType = text.plist.xml; path = Info.plist; sourceTree = "<group>"; };
		E24DFAFD21F80D3B00583426 /* content.json */ = {isa = PBXFileReference; fileEncoding = 4; lastKnownFileType = text.json; name = content.json; path = MVVMSample/Services/content.json; sourceTree = SOURCE_ROOT; };
		E24DFAFF21F80D4900583426 /* APIServices.swift */ = {isa = PBXFileReference; lastKnownFileType = sourcecode.swift; path = APIServices.swift; sourceTree = "<group>"; };
		E24DFB0221F818AF00583426 /* Photo.swift */ = {isa = PBXFileReference; lastKnownFileType = sourcecode.swift; path = Photo.swift; sourceTree = "<group>"; };
		E24DFB0721F81AD100583426 /* PhotoDetailViewController.swift */ = {isa = PBXFileReference; lastKnownFileType = sourcecode.swift; path = PhotoDetailViewController.swift; sourceTree = "<group>"; };
		E24DFB0921F81AE500583426 /* PhotoListViewController.swift */ = {isa = PBXFileReference; lastKnownFileType = sourcecode.swift; path = PhotoListViewController.swift; sourceTree = "<group>"; };
		E24DFB0B21F81B0100583426 /* PhotoListViewModel.swift */ = {isa = PBXFileReference; lastKnownFileType = sourcecode.swift; path = PhotoListViewModel.swift; sourceTree = "<group>"; };
		E24DFB0D21F8257000583426 /* APIServiceTests.swift */ = {isa = PBXFileReference; lastKnownFileType = sourcecode.swift; path = APIServiceTests.swift; sourceTree = "<group>"; };
		E24DFB0F21F8259100583426 /* PhotoListsVMTests.swift */ = {isa = PBXFileReference; lastKnownFileType = sourcecode.swift; path = PhotoListsVMTests.swift; sourceTree = "<group>"; };
/* End PBXFileReference section */

/* Begin PBXFrameworksBuildPhase section */
		E24DFAD321F80B3800583426 /* Frameworks */ = {
			isa = PBXFrameworksBuildPhase;
			buildActionMask = 2147483647;
			files = (
				2DEEB1AA0CCA0023F4069AAB /* Pods_MVVMSample.framework in Frameworks */,
			);
			runOnlyForDeploymentPostprocessing = 0;
		};
		E24DFAE721F80B3900583426 /* Frameworks */ = {
			isa = PBXFrameworksBuildPhase;
			buildActionMask = 2147483647;
			files = (
				1D70B400650442E111140792 /* Pods_MVVMSampleTests.framework in Frameworks */,
			);
			runOnlyForDeploymentPostprocessing = 0;
		};
/* End PBXFrameworksBuildPhase section */

/* Begin PBXGroup section */
		4449529490365DF7BDA108DC /* Frameworks */ = {
			isa = PBXGroup;
			children = (
				69562D5152B46B3A375DBDE2 /* Pods_MVVMSample.framework */,
				C108504B36BB0E7C3AC7DC94 /* Pods_MVVMSampleTests.framework */,
			);
			name = Frameworks;
			sourceTree = "<group>";
		};
		E24DFACD21F80B3800583426 = {
			isa = PBXGroup;
			children = (
				E24DFAD821F80B3800583426 /* MVVMSample */,
				E24DFAED21F80B3900583426 /* MVVMSampleTests */,
				E24DFAD721F80B3800583426 /* Products */,
				E9DBBE2162061BAAFB0B8FB8 /* Pods */,
				4449529490365DF7BDA108DC /* Frameworks */,
			);
			sourceTree = "<group>";
		};
		E24DFAD721F80B3800583426 /* Products */ = {
			isa = PBXGroup;
			children = (
				E24DFAD621F80B3800583426 /* MVVMSample.app */,
				E24DFAEA21F80B3900583426 /* MVVMSampleTests.xctest */,
			);
			name = Products;
			sourceTree = "<group>";
		};
		E24DFAD821F80B3800583426 /* MVVMSample */ = {
			isa = PBXGroup;
			children = (
				E24DFB0421F81A7E00583426 /* Module */,
				E24DFB0121F8189F00583426 /* Models */,
				E24DFAFC21F80CFD00583426 /* Services */,
				E24DFAFB21F80B7B00583426 /* Resources */,
				E24DFAFA21F80B6D00583426 /* Views */,
				E24DFAF921F80B4B00583426 /* Supporting Files */,
				E24DFADB21F80B3800583426 /* ViewController.swift */,
			);
			path = MVVMSample;
			sourceTree = "<group>";
		};
		E24DFAED21F80B3900583426 /* MVVMSampleTests */ = {
			isa = PBXGroup;
			children = (
				E24DFAEE21F80B3900583426 /* MVVMSampleTests.swift */,
				E24DFAF021F80B3900583426 /* Info.plist */,
				E24DFB0D21F8257000583426 /* APIServiceTests.swift */,
				E24DFB0F21F8259100583426 /* PhotoListsVMTests.swift */,
			);
			path = MVVMSampleTests;
			sourceTree = "<group>";
		};
		E24DFAF921F80B4B00583426 /* Supporting Files */ = {
			isa = PBXGroup;
			children = (
				E24DFAD921F80B3800583426 /* AppDelegate.swift */,
				E24DFAE521F80B3900583426 /* Info.plist */,
			);
			path = "Supporting Files";
			sourceTree = "<group>";
		};
		E24DFAFA21F80B6D00583426 /* Views */ = {
			isa = PBXGroup;
			children = (
				E24DFADD21F80B3800583426 /* Main.storyboard */,
				E24DFAE221F80B3900583426 /* LaunchScreen.storyboard */,
			);
			path = Views;
			sourceTree = "<group>";
		};
		E24DFAFB21F80B7B00583426 /* Resources */ = {
			isa = PBXGroup;
			children = (
				E24DFAFD21F80D3B00583426 /* content.json */,
				E24DFAE021F80B3900583426 /* Assets.xcassets */,
			);
			path = Resources;
			sourceTree = "<group>";
		};
		E24DFAFC21F80CFD00583426 /* Services */ = {
			isa = PBXGroup;
			children = (
				E24DFAFF21F80D4900583426 /* APIServices.swift */,
			);
			path = Services;
			sourceTree = "<group>";
		};
		E24DFB0121F8189F00583426 /* Models */ = {
			isa = PBXGroup;
			children = (
				E24DFB0221F818AF00583426 /* Photo.swift */,
			);
			path = Models;
			sourceTree = "<group>";
		};
		E24DFB0421F81A7E00583426 /* Module */ = {
			isa = PBXGroup;
			children = (
				E24DFB0621F81AB000583426 /* PhotoList */,
				E24DFB0521F81AA600583426 /* PhotoDetail */,
			);
			path = Module;
			sourceTree = "<group>";
		};
		E24DFB0521F81AA600583426 /* PhotoDetail */ = {
			isa = PBXGroup;
			children = (
				E24DFB0721F81AD100583426 /* PhotoDetailViewController.swift */,
			);
			path = PhotoDetail;
			sourceTree = "<group>";
		};
		E24DFB0621F81AB000583426 /* PhotoList */ = {
			isa = PBXGroup;
			children = (
				E24DFB0921F81AE500583426 /* PhotoListViewController.swift */,
				E24DFB0B21F81B0100583426 /* PhotoListViewModel.swift */,
			);
			path = PhotoList;
			sourceTree = "<group>";
		};
		E9DBBE2162061BAAFB0B8FB8 /* Pods */ = {
			isa = PBXGroup;
			children = (
				1E316DBC9B16D0DA2710DB95 /* Pods-MVVMSample.debug.xcconfig */,
				64E9AE04009848201A03A8AA /* Pods-MVVMSample.release.xcconfig */,
				C485146BB9376C27CE7E4CD4 /* Pods-MVVMSampleTests.debug.xcconfig */,
				2EE79A0BD1035C2DE87E58B7 /* Pods-MVVMSampleTests.release.xcconfig */,
			);
			name = Pods;
			sourceTree = "<group>";
		};
/* End PBXGroup section */

/* Begin PBXNativeTarget section */
		E24DFAD521F80B3800583426 /* MVVMSample */ = {
			isa = PBXNativeTarget;
			buildConfigurationList = E24DFAF321F80B3900583426 /* Build configuration list for PBXNativeTarget "MVVMSample" */;
			buildPhases = (
				903C84575B7DFF6A04A38883 /* [CP] Check Pods Manifest.lock */,
				E24DFAD221F80B3800583426 /* Sources */,
				E24DFAD321F80B3800583426 /* Frameworks */,
				E24DFAD421F80B3800583426 /* Resources */,
				B2200E79D9C4CB59B8ACFBED /* [CP] Embed Pods Frameworks */,
			);
			buildRules = (
			);
			dependencies = (
			);
			name = MVVMSample;
			productName = MVVMSample;
			productReference = E24DFAD621F80B3800583426 /* MVVMSample.app */;
			productType = "com.apple.product-type.application";
		};
		E24DFAE921F80B3900583426 /* MVVMSampleTests */ = {
			isa = PBXNativeTarget;
			buildConfigurationList = E24DFAF621F80B3900583426 /* Build configuration list for PBXNativeTarget "MVVMSampleTests" */;
			buildPhases = (
				45F241050EC4DA5827D39342 /* [CP] Check Pods Manifest.lock */,
				E24DFAE621F80B3900583426 /* Sources */,
				E24DFAE721F80B3900583426 /* Frameworks */,
				E24DFAE821F80B3900583426 /* Resources */,
			);
			buildRules = (
			);
			dependencies = (
				E24DFAEC21F80B3900583426 /* PBXTargetDependency */,
			);
			name = MVVMSampleTests;
			productName = MVVMSampleTests;
			productReference = E24DFAEA21F80B3900583426 /* MVVMSampleTests.xctest */;
			productType = "com.apple.product-type.bundle.unit-test";
		};
/* End PBXNativeTarget section */

/* Begin PBXProject section */
		E24DFACE21F80B3800583426 /* Project object */ = {
			isa = PBXProject;
			attributes = {
				LastSwiftUpdateCheck = 1010;
				LastUpgradeCheck = 1010;
				ORGANIZATIONNAME = "Shantanu Dutta";
				TargetAttributes = {
					E24DFAD521F80B3800583426 = {
						CreatedOnToolsVersion = 10.1;
					};
					E24DFAE921F80B3900583426 = {
						CreatedOnToolsVersion = 10.1;
						TestTargetID = E24DFAD521F80B3800583426;
					};
				};
			};
			buildConfigurationList = E24DFAD121F80B3800583426 /* Build configuration list for PBXProject "MVVMSample" */;
			compatibilityVersion = "Xcode 9.3";
			developmentRegion = en;
			hasScannedForEncodings = 0;
			knownRegions = (
				en,
				Base,
			);
			mainGroup = E24DFACD21F80B3800583426;
			productRefGroup = E24DFAD721F80B3800583426 /* Products */;
			projectDirPath = "";
			projectRoot = "";
			targets = (
				E24DFAD521F80B3800583426 /* MVVMSample */,
				E24DFAE921F80B3900583426 /* MVVMSampleTests */,
			);
		};
/* End PBXProject section */

/* Begin PBXResourcesBuildPhase section */
		E24DFAD421F80B3800583426 /* Resources */ = {
			isa = PBXResourcesBuildPhase;
			buildActionMask = 2147483647;
			files = (
				E24DFAE421F80B3900583426 /* LaunchScreen.storyboard in Resources */,
				E24DFAE121F80B3900583426 /* Assets.xcassets in Resources */,
				E24DFADF21F80B3800583426 /* Main.storyboard in Resources */,
				E24DFAFE21F80D3B00583426 /* content.json in Resources */,
			);
			runOnlyForDeploymentPostprocessing = 0;
		};
		E24DFAE821F80B3900583426 /* Resources */ = {
			isa = PBXResourcesBuildPhase;
			buildActionMask = 2147483647;
			files = (
			);
			runOnlyForDeploymentPostprocessing = 0;
		};
/* End PBXResourcesBuildPhase section */

/* Begin PBXShellScriptBuildPhase section */
		45F241050EC4DA5827D39342 /* [CP] Check Pods Manifest.lock */ = {
			isa = PBXShellScriptBuildPhase;
			buildActionMask = 2147483647;
			files = (
			);
			inputPaths = (
				"${PODS_PODFILE_DIR_PATH}/Podfile.lock",
				"${PODS_ROOT}/Manifest.lock",
			);
			name = "[CP] Check Pods Manifest.lock";
			outputPaths = (
				"$(DERIVED_FILE_DIR)/Pods-MVVMSampleTests-checkManifestLockResult.txt",
			);
			runOnlyForDeploymentPostprocessing = 0;
			shellPath = /bin/sh;
			shellScript = "diff \"${PODS_PODFILE_DIR_PATH}/Podfile.lock\" \"${PODS_ROOT}/Manifest.lock\" > /dev/null\nif [ $? != 0 ] ; then\n    # print error to STDERR\n    echo \"error: The sandbox is not in sync with the Podfile.lock. Run 'pod install' or update your CocoaPods installation.\" >&2\n    exit 1\nfi\n# This output is used by Xcode 'outputs' to avoid re-running this script phase.\necho \"SUCCESS\" > \"${SCRIPT_OUTPUT_FILE_0}\"\n";
			showEnvVarsInLog = 0;
		};
		903C84575B7DFF6A04A38883 /* [CP] Check Pods Manifest.lock */ = {
			isa = PBXShellScriptBuildPhase;
			buildActionMask = 2147483647;
			files = (
			);
			inputPaths = (
				"${PODS_PODFILE_DIR_PATH}/Podfile.lock",
				"${PODS_ROOT}/Manifest.lock",
			);
			name = "[CP] Check Pods Manifest.lock";
			outputPaths = (
				"$(DERIVED_FILE_DIR)/Pods-MVVMSample-checkManifestLockResult.txt",
			);
			runOnlyForDeploymentPostprocessing = 0;
			shellPath = /bin/sh;
			shellScript = "diff \"${PODS_PODFILE_DIR_PATH}/Podfile.lock\" \"${PODS_ROOT}/Manifest.lock\" > /dev/null\nif [ $? != 0 ] ; then\n    # print error to STDERR\n    echo \"error: The sandbox is not in sync with the Podfile.lock. Run 'pod install' or update your CocoaPods installation.\" >&2\n    exit 1\nfi\n# This output is used by Xcode 'outputs' to avoid re-running this script phase.\necho \"SUCCESS\" > \"${SCRIPT_OUTPUT_FILE_0}\"\n";
			showEnvVarsInLog = 0;
		};
		B2200E79D9C4CB59B8ACFBED /* [CP] Embed Pods Frameworks */ = {
			isa = PBXShellScriptBuildPhase;
			buildActionMask = 2147483647;
			files = (
			);
			inputPaths = (
				"${SRCROOT}/Pods/Target Support Files/Pods-MVVMSample/Pods-MVVMSample-frameworks.sh",
				"${BUILT_PRODUCTS_DIR}/SDWebImage/SDWebImage.framework",
			);
			name = "[CP] Embed Pods Frameworks";
			outputPaths = (
				"${TARGET_BUILD_DIR}/${FRAMEWORKS_FOLDER_PATH}/SDWebImage.framework",
			);
			runOnlyForDeploymentPostprocessing = 0;
			shellPath = /bin/sh;
			shellScript = "\"${SRCROOT}/Pods/Target Support Files/Pods-MVVMSample/Pods-MVVMSample-frameworks.sh\"\n";
			showEnvVarsInLog = 0;
		};
/* End PBXShellScriptBuildPhase section */

/* Begin PBXSourcesBuildPhase section */
		E24DFAD221F80B3800583426 /* Sources */ = {
			isa = PBXSourcesBuildPhase;
			buildActionMask = 2147483647;
			files = (
				E24DFB0321F818AF00583426 /* Photo.swift in Sources */,
				E24DFADC21F80B3800583426 /* ViewController.swift in Sources */,
				E24DFADA21F80B3800583426 /* AppDelegate.swift in Sources */,
				E24DFB0821F81AD100583426 /* PhotoDetailViewController.swift in Sources */,
				E24DFB0021F80D4900583426 /* APIServices.swift in Sources */,
				E24DFB0A21F81AE500583426 /* PhotoListViewController.swift in Sources */,
				E24DFB0C21F81B0100583426 /* PhotoListViewModel.swift in Sources */,
			);
			runOnlyForDeploymentPostprocessing = 0;
		};
		E24DFAE621F80B3900583426 /* Sources */ = {
			isa = PBXSourcesBuildPhase;
			buildActionMask = 2147483647;
			files = (
				E24DFB1021F8259100583426 /* PhotoListsVMTests.swift in Sources */,
				E24DFB0E21F8257000583426 /* APIServiceTests.swift in Sources */,
				E24DFAEF21F80B3900583426 /* MVVMSampleTests.swift in Sources */,
			);
			runOnlyForDeploymentPostprocessing = 0;
		};
/* End PBXSourcesBuildPhase section */

/* Begin PBXTargetDependency section */
		E24DFAEC21F80B3900583426 /* PBXTargetDependency */ = {
			isa = PBXTargetDependency;
			target = E24DFAD521F80B3800583426 /* MVVMSample */;
			targetProxy = E24DFAEB21F80B3900583426 /* PBXContainerItemProxy */;
		};
/* End PBXTargetDependency section */

/* Begin PBXVariantGroup section */
		E24DFADD21F80B3800583426 /* Main.storyboard */ = {
			isa = PBXVariantGroup;
			children = (
				E24DFADE21F80B3800583426 /* Base */,
			);
			name = Main.storyboard;
			sourceTree = "<group>";
		};
		E24DFAE221F80B3900583426 /* LaunchScreen.storyboard */ = {
			isa = PBXVariantGroup;
			children = (
				E24DFAE321F80B3900583426 /* Base */,
			);
			name = LaunchScreen.storyboard;
			sourceTree = "<group>";
		};
/* End PBXVariantGroup section */

/* Begin XCBuildConfiguration section */
		E24DFAF121F80B3900583426 /* Debug */ = {
			isa = XCBuildConfiguration;
			buildSettings = {
				ALWAYS_SEARCH_USER_PATHS = NO;
				CLANG_ANALYZER_NONNULL = YES;
				CLANG_ANALYZER_NUMBER_OBJECT_CONVERSION = YES_AGGRESSIVE;
				CLANG_CXX_LANGUAGE_STANDARD = "gnu++14";
				CLANG_CXX_LIBRARY = "libc++";
				CLANG_ENABLE_MODULES = YES;
				CLANG_ENABLE_OBJC_ARC = YES;
				CLANG_ENABLE_OBJC_WEAK = YES;
				CLANG_WARN_BLOCK_CAPTURE_AUTORELEASING = YES;
				CLANG_WARN_BOOL_CONVERSION = YES;
				CLANG_WARN_COMMA = YES;
				CLANG_WARN_CONSTANT_CONVERSION = YES;
				CLANG_WARN_DEPRECATED_OBJC_IMPLEMENTATIONS = YES;
				CLANG_WARN_DIRECT_OBJC_ISA_USAGE = YES_ERROR;
				CLANG_WARN_DOCUMENTATION_COMMENTS = YES;
				CLANG_WARN_EMPTY_BODY = YES;
				CLANG_WARN_ENUM_CONVERSION = YES;
				CLANG_WARN_INFINITE_RECURSION = YES;
				CLANG_WARN_INT_CONVERSION = YES;
				CLANG_WARN_NON_LITERAL_NULL_CONVERSION = YES;
				CLANG_WARN_OBJC_IMPLICIT_RETAIN_SELF = YES;
				CLANG_WARN_OBJC_LITERAL_CONVERSION = YES;
				CLANG_WARN_OBJC_ROOT_CLASS = YES_ERROR;
				CLANG_WARN_RANGE_LOOP_ANALYSIS = YES;
				CLANG_WARN_STRICT_PROTOTYPES = YES;
				CLANG_WARN_SUSPICIOUS_MOVE = YES;
				CLANG_WARN_UNGUARDED_AVAILABILITY = YES_AGGRESSIVE;
				CLANG_WARN_UNREACHABLE_CODE = YES;
				CLANG_WARN__DUPLICATE_METHOD_MATCH = YES;
				CODE_SIGN_IDENTITY = "iPhone Developer";
				COPY_PHASE_STRIP = NO;
				DEBUG_INFORMATION_FORMAT = dwarf;
				ENABLE_STRICT_OBJC_MSGSEND = YES;
				ENABLE_TESTABILITY = YES;
				GCC_C_LANGUAGE_STANDARD = gnu11;
				GCC_DYNAMIC_NO_PIC = NO;
				GCC_NO_COMMON_BLOCKS = YES;
				GCC_OPTIMIZATION_LEVEL = 0;
				GCC_PREPROCESSOR_DEFINITIONS = (
					"DEBUG=1",
					"$(inherited)",
				);
				GCC_WARN_64_TO_32_BIT_CONVERSION = YES;
				GCC_WARN_ABOUT_RETURN_TYPE = YES_ERROR;
				GCC_WARN_UNDECLARED_SELECTOR = YES;
				GCC_WARN_UNINITIALIZED_AUTOS = YES_AGGRESSIVE;
				GCC_WARN_UNUSED_FUNCTION = YES;
				GCC_WARN_UNUSED_VARIABLE = YES;
				IPHONEOS_DEPLOYMENT_TARGET = 12.1;
				MTL_ENABLE_DEBUG_INFO = INCLUDE_SOURCE;
				MTL_FAST_MATH = YES;
				ONLY_ACTIVE_ARCH = YES;
				SDKROOT = iphoneos;
				SWIFT_ACTIVE_COMPILATION_CONDITIONS = DEBUG;
				SWIFT_OPTIMIZATION_LEVEL = "-Onone";
			};
			name = Debug;
		};
		E24DFAF221F80B3900583426 /* Release */ = {
			isa = XCBuildConfiguration;
			buildSettings = {
				ALWAYS_SEARCH_USER_PATHS = NO;
				CLANG_ANALYZER_NONNULL = YES;
				CLANG_ANALYZER_NUMBER_OBJECT_CONVERSION = YES_AGGRESSIVE;
				CLANG_CXX_LANGUAGE_STANDARD = "gnu++14";
				CLANG_CXX_LIBRARY = "libc++";
				CLANG_ENABLE_MODULES = YES;
				CLANG_ENABLE_OBJC_ARC = YES;
				CLANG_ENABLE_OBJC_WEAK = YES;
				CLANG_WARN_BLOCK_CAPTURE_AUTORELEASING = YES;
				CLANG_WARN_BOOL_CONVERSION = YES;
				CLANG_WARN_COMMA = YES;
				CLANG_WARN_CONSTANT_CONVERSION = YES;
				CLANG_WARN_DEPRECATED_OBJC_IMPLEMENTATIONS = YES;
				CLANG_WARN_DIRECT_OBJC_ISA_USAGE = YES_ERROR;
				CLANG_WARN_DOCUMENTATION_COMMENTS = YES;
				CLANG_WARN_EMPTY_BODY = YES;
				CLANG_WARN_ENUM_CONVERSION = YES;
				CLANG_WARN_INFINITE_RECURSION = YES;
				CLANG_WARN_INT_CONVERSION = YES;
				CLANG_WARN_NON_LITERAL_NULL_CONVERSION = YES;
				CLANG_WARN_OBJC_IMPLICIT_RETAIN_SELF = YES;
				CLANG_WARN_OBJC_LITERAL_CONVERSION = YES;
				CLANG_WARN_OBJC_ROOT_CLASS = YES_ERROR;
				CLANG_WARN_RANGE_LOOP_ANALYSIS = YES;
				CLANG_WARN_STRICT_PROTOTYPES = YES;
				CLANG_WARN_SUSPICIOUS_MOVE = YES;
				CLANG_WARN_UNGUARDED_AVAILABILITY = YES_AGGRESSIVE;
				CLANG_WARN_UNREACHABLE_CODE = YES;
				CLANG_WARN__DUPLICATE_METHOD_MATCH = YES;
				CODE_SIGN_IDENTITY = "iPhone Developer";
				COPY_PHASE_STRIP = NO;
				DEBUG_INFORMATION_FORMAT = "dwarf-with-dsym";
				ENABLE_NS_ASSERTIONS = NO;
				ENABLE_STRICT_OBJC_MSGSEND = YES;
				GCC_C_LANGUAGE_STANDARD = gnu11;
				GCC_NO_COMMON_BLOCKS = YES;
				GCC_WARN_64_TO_32_BIT_CONVERSION = YES;
				GCC_WARN_ABOUT_RETURN_TYPE = YES_ERROR;
				GCC_WARN_UNDECLARED_SELECTOR = YES;
				GCC_WARN_UNINITIALIZED_AUTOS = YES_AGGRESSIVE;
				GCC_WARN_UNUSED_FUNCTION = YES;
				GCC_WARN_UNUSED_VARIABLE = YES;
				IPHONEOS_DEPLOYMENT_TARGET = 12.1;
				MTL_ENABLE_DEBUG_INFO = NO;
				MTL_FAST_MATH = YES;
				SDKROOT = iphoneos;
				SWIFT_COMPILATION_MODE = wholemodule;
				SWIFT_OPTIMIZATION_LEVEL = "-O";
				VALIDATE_PRODUCT = YES;
			};
			name = Release;
		};
		E24DFAF421F80B3900583426 /* Debug */ = {
			isa = XCBuildConfiguration;
			baseConfigurationReference = 1E316DBC9B16D0DA2710DB95 /* Pods-MVVMSample.debug.xcconfig */;
			buildSettings = {
				ASSETCATALOG_COMPILER_APPICON_NAME = AppIcon;
				CODE_SIGN_STYLE = Automatic;
				DEVELOPMENT_TEAM = 2N2R452CN2;
				INFOPLIST_FILE = "MVVMSample/Supporting Files/Info.plist";
				LD_RUNPATH_SEARCH_PATHS = (
					"$(inherited)",
					"@executable_path/Frameworks",
				);
				PRODUCT_BUNDLE_IDENTIFIER = com.sdbLabs.cs.MVVMSample;
				PRODUCT_NAME = "$(TARGET_NAME)";
				SWIFT_VERSION = 4.2;
				TARGETED_DEVICE_FAMILY = "1,2";
			};
			name = Debug;
		};
		E24DFAF521F80B3900583426 /* Release */ = {
			isa = XCBuildConfiguration;
			baseConfigurationReference = 64E9AE04009848201A03A8AA /* Pods-MVVMSample.release.xcconfig */;
			buildSettings = {
				ASSETCATALOG_COMPILER_APPICON_NAME = AppIcon;
				CODE_SIGN_STYLE = Automatic;
				DEVELOPMENT_TEAM = 2N2R452CN2;
				INFOPLIST_FILE = "MVVMSample/Supporting Files/Info.plist";
				LD_RUNPATH_SEARCH_PATHS = (
					"$(inherited)",
					"@executable_path/Frameworks",
				);
				PRODUCT_BUNDLE_IDENTIFIER = com.sdbLabs.cs.MVVMSample;
				PRODUCT_NAME = "$(TARGET_NAME)";
				SWIFT_VERSION = 4.2;
				TARGETED_DEVICE_FAMILY = "1,2";
			};
			name = Release;
		};
		E24DFAF721F80B3900583426 /* Debug */ = {
			isa = XCBuildConfiguration;
			baseConfigurationReference = C485146BB9376C27CE7E4CD4 /* Pods-MVVMSampleTests.debug.xcconfig */;
			buildSettings = {
				ALWAYS_EMBED_SWIFT_STANDARD_LIBRARIES = YES;
				BUNDLE_LOADER = "$(TEST_HOST)";
				CODE_SIGN_STYLE = Automatic;
				DEVELOPMENT_TEAM = 2N2R452CN2;
				INFOPLIST_FILE = MVVMSampleTests/Info.plist;
				LD_RUNPATH_SEARCH_PATHS = (
					"$(inherited)",
					"@executable_path/Frameworks",
					"@loader_path/Frameworks",
				);
				PRODUCT_BUNDLE_IDENTIFIER = com.sdbLabs.cs.MVVMSampleTests;
				PRODUCT_NAME = "$(TARGET_NAME)";
				SWIFT_VERSION = 4.2;
				TARGETED_DEVICE_FAMILY = "1,2";
				TEST_HOST = "$(BUILT_PRODUCTS_DIR)/MVVMSample.app/MVVMSample";
			};
			name = Debug;
		};
		E24DFAF821F80B3900583426 /* Release */ = {
			isa = XCBuildConfiguration;
			baseConfigurationReference = 2EE79A0BD1035C2DE87E58B7 /* Pods-MVVMSampleTests.release.xcconfig */;
			buildSettings = {
				ALWAYS_EMBED_SWIFT_STANDARD_LIBRARIES = YES;
				BUNDLE_LOADER = "$(TEST_HOST)";
				CODE_SIGN_STYLE = Automatic;
				DEVELOPMENT_TEAM = 2N2R452CN2;
				INFOPLIST_FILE = MVVMSampleTests/Info.plist;
				LD_RUNPATH_SEARCH_PATHS = (
					"$(inherited)",
					"@executable_path/Frameworks",
					"@loader_path/Frameworks",
				);
				PRODUCT_BUNDLE_IDENTIFIER = com.sdbLabs.cs.MVVMSampleTests;
				PRODUCT_NAME = "$(TARGET_NAME)";
				SWIFT_VERSION = 4.2;
				TARGETED_DEVICE_FAMILY = "1,2";
				TEST_HOST = "$(BUILT_PRODUCTS_DIR)/MVVMSample.app/MVVMSample";
			};
			name = Release;
		};
/* End XCBuildConfiguration section */

/* Begin XCConfigurationList section */
		E24DFAD121F80B3800583426 /* Build configuration list for PBXProject "MVVMSample" */ = {
			isa = XCConfigurationList;
			buildConfigurations = (
				E24DFAF121F80B3900583426 /* Debug */,
				E24DFAF221F80B3900583426 /* Release */,
			);
			defaultConfigurationIsVisible = 0;
			defaultConfigurationName = Release;
		};
		E24DFAF321F80B3900583426 /* Build configuration list for PBXNativeTarget "MVVMSample" */ = {
			isa = XCConfigurationList;
			buildConfigurations = (
				E24DFAF421F80B3900583426 /* Debug */,
				E24DFAF521F80B3900583426 /* Release */,
			);
			defaultConfigurationIsVisible = 0;
			defaultConfigurationName = Release;
		};
		E24DFAF621F80B3900583426 /* Build configuration list for PBXNativeTarget "MVVMSampleTests" */ = {
			isa = XCConfigurationList;
			buildConfigurations = (
				E24DFAF721F80B3900583426 /* Debug */,
				E24DFAF821F80B3900583426 /* Release */,
			);
			defaultConfigurationIsVisible = 0;
			defaultConfigurationName = Release;
		};
/* End XCConfigurationList section */
	};
	rootObject = E24DFACE21F80B3800583426 /* Project object */;
}
